// !$*UTF8*$!
{
	archiveVersion = 1;
	classes = {
	};
	objectVersion = 46;
	objects = {

/* Begin PBXBuildFile section */
		C53C8CEF16D2B8BE0009009F /* UIKit.framework in Frameworks */ = {isa = PBXBuildFile; fileRef = C53C8CEE16D2B8BE0009009F /* UIKit.framework */; };
		C53C8CF116D2B8BE0009009F /* Foundation.framework in Frameworks */ = {isa = PBXBuildFile; fileRef = C53C8CF016D2B8BE0009009F /* Foundation.framework */; };
		C53C8CF316D2B8BE0009009F /* CoreGraphics.framework in Frameworks */ = {isa = PBXBuildFile; fileRef = C53C8CF216D2B8BE0009009F /* CoreGraphics.framework */; };
		C53C8CF916D2B8BE0009009F /* InfoPlist.strings in Resources */ = {isa = PBXBuildFile; fileRef = C53C8CF716D2B8BE0009009F /* InfoPlist.strings */; };
		C53C8CFB16D2B8BE0009009F /* main.m in Sources */ = {isa = PBXBuildFile; fileRef = C53C8CFA16D2B8BE0009009F /* main.m */; };
		C53C8CFF16D2B8BE0009009F /* AppDelegate.m in Sources */ = {isa = PBXBuildFile; fileRef = C53C8CFE16D2B8BE0009009F /* AppDelegate.m */; };
		C53C8D0116D2B8BE0009009F /* Default.png in Resources */ = {isa = PBXBuildFile; fileRef = C53C8D0016D2B8BE0009009F /* Default.png */; };
		C53C8D0316D2B8BE0009009F /* Default@2x.png in Resources */ = {isa = PBXBuildFile; fileRef = C53C8D0216D2B8BE0009009F /* Default@2x.png */; };
		C53C8D0516D2B8BE0009009F /* Default-568h@2x.png in Resources */ = {isa = PBXBuildFile; fileRef = C53C8D0416D2B8BE0009009F /* Default-568h@2x.png */; };
		C53C8D0816D2B8BE0009009F /* ViewController.m in Sources */ = {isa = PBXBuildFile; fileRef = C53C8D0716D2B8BE0009009F /* ViewController.m */; };
		C53C8D0B16D2B8BE0009009F /* ViewController.xib in Resources */ = {isa = PBXBuildFile; fileRef = C53C8D0916D2B8BE0009009F /* ViewController.xib */; };
/* End PBXBuildFile section */

/* Begin PBXFileReference section */
		C53C8CEB16D2B8BE0009009F /* Fresh_Start.app */ = {isa = PBXFileReference; explicitFileType = wrapper.application; includeInIndex = 0; path = Fresh_Start.app; sourceTree = BUILT_PRODUCTS_DIR; };
		C53C8CEE16D2B8BE0009009F /* UIKit.framework */ = {isa = PBXFileReference; lastKnownFileType = wrapper.framework; name = UIKit.framework; path = System/Library/Frameworks/UIKit.framework; sourceTree = SDKROOT; };
		C53C8CF016D2B8BE0009009F /* Foundation.framework */ = {isa = PBXFileReference; lastKnownFileType = wrapper.framework; name = Foundation.framework; path = System/Library/Frameworks/Foundation.framework; sourceTree = SDKROOT; };
		C53C8CF216D2B8BE0009009F /* CoreGraphics.framework */ = {isa = PBXFileReference; lastKnownFileType = wrapper.framework; name = CoreGraphics.framework; path = System/Library/Frameworks/CoreGraphics.framework; sourceTree = SDKROOT; };
		C53C8CF616D2B8BE0009009F /* Fresh_Start-Info.plist */ = {isa = PBXFileReference; lastKnownFileType = text.plist.xml; path = "Fresh_Start-Info.plist"; sourceTree = "<group>"; };
		C53C8CF816D2B8BE0009009F /* en */ = {isa = PBXFileReference; lastKnownFileType = text.plist.strings; name = en; path = en.lproj/InfoPlist.strings; sourceTree = "<group>"; };
		C53C8CFA16D2B8BE0009009F /* main.m */ = {isa = PBXFileReference; lastKnownFileType = sourcecode.c.objc; path = main.m; sourceTree = "<group>"; };
		C53C8CFC16D2B8BE0009009F /* Fresh_Start-Prefix.pch */ = {isa = PBXFileReference; lastKnownFileType = sourcecode.c.h; path = "Fresh_Start-Prefix.pch"; sourceTree = "<group>"; };
		C53C8CFD16D2B8BE0009009F /* AppDelegate.h */ = {isa = PBXFileReference; lastKnownFileType = sourcecode.c.h; path = AppDelegate.h; sourceTree = "<group>"; };
		C53C8CFE16D2B8BE0009009F /* AppDelegate.m */ = {isa = PBXFileReference; lastKnownFileType = sourcecode.c.objc; path = AppDelegate.m; sourceTree = "<group>"; };
		C53C8D0016D2B8BE0009009F /* Default.png */ = {isa = PBXFileReference; lastKnownFileType = image.png; path = Default.png; sourceTree = "<group>"; };
		C53C8D0216D2B8BE0009009F /* Default@2x.png */ = {isa = PBXFileReference; lastKnownFileType = image.png; path = "Default@2x.png"; sourceTree = "<group>"; };
		C53C8D0416D2B8BE0009009F /* Default-568h@2x.png */ = {isa = PBXFileReference; lastKnownFileType = image.png; path = "Default-568h@2x.png"; sourceTree = "<group>"; };
		C53C8D0616D2B8BE0009009F /* ViewController.h */ = {isa = PBXFileReference; lastKnownFileType = sourcecode.c.h; path = ViewController.h; sourceTree = "<group>"; };
		C53C8D0716D2B8BE0009009F /* ViewController.m */ = {isa = PBXFileReference; lastKnownFileType = sourcecode.c.objc; path = ViewController.m; sourceTree = "<group>"; };
		C53C8D0A16D2B8BE0009009F /* en */ = {isa = PBXFileReference; lastKnownFileType = file.xib; name = en; path = en.lproj/ViewController.xib; sourceTree = "<group>"; };
/* End PBXFileReference section */

/* Begin PBXFrameworksBuildPhase section */
		C53C8CE816D2B8BE0009009F /* Frameworks */ = {
			isa = PBXFrameworksBuildPhase;
			buildActionMask = 2147483647;
			files = (
				C53C8CEF16D2B8BE0009009F /* UIKit.framework in Frameworks */,
				C53C8CF116D2B8BE0009009F /* Foundation.framework in Frameworks */,
				C53C8CF316D2B8BE0009009F /* CoreGraphics.framework in Frameworks */,
			);
			runOnlyForDeploymentPostprocessing = 0;
		};
/* End PBXFrameworksBuildPhase section */

/* Begin PBXGroup section */
		C53C8CE216D2B8BE0009009F = {
			isa = PBXGroup;
			children = (
				C53C8CF416D2B8BE0009009F /* Fresh_Start */,
				C53C8CED16D2B8BE0009009F /* Frameworks */,
				C53C8CEC16D2B8BE0009009F /* Products */,
			);
			sourceTree = "<group>";
		};
		C53C8CEC16D2B8BE0009009F /* Products */ = {
			isa = PBXGroup;
			children = (
				C53C8CEB16D2B8BE0009009F /* Fresh_Start.app */,
			);
			name = Products;
			sourceTree = "<group>";
		};
		C53C8CED16D2B8BE0009009F /* Frameworks */ = {
			isa = PBXGroup;
			children = (
				C53C8CEE16D2B8BE0009009F /* UIKit.framework */,
				C53C8CF016D2B8BE0009009F /* Foundation.framework */,
				C53C8CF216D2B8BE0009009F /* CoreGraphics.framework */,
			);
			name = Frameworks;
			sourceTree = "<group>";
		};
		C53C8CF416D2B8BE0009009F /* Fresh_Start */ = {
			isa = PBXGroup;
			children = (
				C53C8CFD16D2B8BE0009009F /* AppDelegate.h */,
				C53C8CFE16D2B8BE0009009F /* AppDelegate.m */,
				C53C8D0616D2B8BE0009009F /* ViewController.h */,
				C53C8D0716D2B8BE0009009F /* ViewController.m */,
				C53C8D0916D2B8BE0009009F /* ViewController.xib */,
				C53C8CF516D2B8BE0009009F /* Supporting Files */,
			);
			path = Fresh_Start;
			sourceTree = "<group>";
		};
		C53C8CF516D2B8BE0009009F /* Supporting Files */ = {
			isa = PBXGroup;
			children = (
				C53C8CF616D2B8BE0009009F /* Fresh_Start-Info.plist */,
				C53C8CF716D2B8BE0009009F /* InfoPlist.strings */,
				C53C8CFA16D2B8BE0009009F /* main.m */,
				C53C8CFC16D2B8BE0009009F /* Fresh_Start-Prefix.pch */,
				C53C8D0016D2B8BE0009009F /* Default.png */,
				C53C8D0216D2B8BE0009009F /* Default@2x.png */,
				C53C8D0416D2B8BE0009009F /* Default-568h@2x.png */,
			);
			name = "Supporting Files";
			sourceTree = "<group>";
		};
/* End PBXGroup section */

/* Begin PBXNativeTarget section */
		C53C8CEA16D2B8BE0009009F /* Fresh_Start */ = {
			isa = PBXNativeTarget;
			buildConfigurationList = C53C8D0E16D2B8BE0009009F /* Build configuration list for PBXNativeTarget "Fresh_Start" */;
			buildPhases = (
				C53C8CE716D2B8BE0009009F /* Sources */,
				C53C8CE816D2B8BE0009009F /* Frameworks */,
				C53C8CE916D2B8BE0009009F /* Resources */,
			);
			buildRules = (
			);
			dependencies = (
			);
			name = Fresh_Start;
			productName = Fresh_Start;
			productReference = C53C8CEB16D2B8BE0009009F /* Fresh_Start.app */;
			productType = "com.apple.product-type.application";
		};
/* End PBXNativeTarget section */

/* Begin PBXProject section */
		C53C8CE316D2B8BE0009009F /* Project object */ = {
			isa = PBXProject;
			attributes = {
				LastUpgradeCheck = 0460;
				ORGANIZATIONNAME = "Propt Development";
			};
			buildConfigurationList = C53C8CE616D2B8BE0009009F /* Build configuration list for PBXProject "Fresh_Start" */;
			compatibilityVersion = "Xcode 3.2";
			developmentRegion = English;
			hasScannedForEncodings = 0;
			knownRegions = (
				en,
			);
			mainGroup = C53C8CE216D2B8BE0009009F;
			productRefGroup = C53C8CEC16D2B8BE0009009F /* Products */;
			projectDirPath = "";
			projectRoot = "";
			targets = (
				C53C8CEA16D2B8BE0009009F /* Fresh_Start */,
			);
		};
/* End PBXProject section */

/* Begin PBXResourcesBuildPhase section */
		C53C8CE916D2B8BE0009009F /* Resources */ = {
			isa = PBXResourcesBuildPhase;
			buildActionMask = 2147483647;
			files = (
				C53C8CF916D2B8BE0009009F /* InfoPlist.strings in Resources */,
				C53C8D0116D2B8BE0009009F /* Default.png in Resources */,
				C53C8D0316D2B8BE0009009F /* Default@2x.png in Resources */,
				C53C8D0516D2B8BE0009009F /* Default-568h@2x.png in Resources */,
				C53C8D0B16D2B8BE0009009F /* ViewController.xib in Resources */,
			);
			runOnlyForDeploymentPostprocessing = 0;
		};
/* End PBXResourcesBuildPhase section */

/* Begin PBXSourcesBuildPhase section */
		C53C8CE716D2B8BE0009009F /* Sources */ = {
			isa = PBXSourcesBuildPhase;
			buildActionMask = 2147483647;
			files = (
				C53C8CFB16D2B8BE0009009F /* main.m in Sources */,
				C53C8CFF16D2B8BE0009009F /* AppDelegate.m in Sources */,
				C53C8D0816D2B8BE0009009F /* ViewController.m in Sources */,
			);
			runOnlyForDeploymentPostprocessing = 0;
		};
/* End PBXSourcesBuildPhase section */

/* Begin PBXVariantGroup section */
		C53C8CF716D2B8BE0009009F /* InfoPlist.strings */ = {
			isa = PBXVariantGroup;
			children = (
				C53C8CF816D2B8BE0009009F /* en */,
			);
			name = InfoPlist.strings;
			sourceTree = "<group>";
		};
		C53C8D0916D2B8BE0009009F /* ViewController.xib */ = {
			isa = PBXVariantGroup;
			children = (
				C53C8D0A16D2B8BE0009009F /* en */,
			);
			name = ViewController.xib;
			sourceTree = "<group>";
		};
/* End PBXVariantGroup section */

/* Begin XCBuildConfiguration section */
		C53C8D0C16D2B8BE0009009F /* Debug */ = {
			isa = XCBuildConfiguration;
			buildSettings = {
				ALWAYS_SEARCH_USER_PATHS = NO;
				CLANG_CXX_LANGUAGE_STANDARD = "gnu++0x";
				CLANG_CXX_LIBRARY = "libc++";
				CLANG_ENABLE_OBJC_ARC = YES;
				CLANG_WARN_CONSTANT_CONVERSION = YES;
				CLANG_WARN_EMPTY_BODY = YES;
				CLANG_WARN_ENUM_CONVERSION = YES;
				CLANG_WARN_INT_CONVERSION = YES;
				CLANG_WARN__DUPLICATE_METHOD_MATCH = YES;
				"CODE_SIGN_IDENTITY[sdk=iphoneos*]" = "iPhone Developer";
				COPY_PHASE_STRIP = NO;
				GCC_C_LANGUAGE_STANDARD = gnu99;
				GCC_DYNAMIC_NO_PIC = NO;
				GCC_OPTIMIZATION_LEVEL = 0;
				GCC_PREPROCESSOR_DEFINITIONS = (
					"DEBUG=1",
					"$(inherited)",
				);
				GCC_SYMBOLS_PRIVATE_EXTERN = NO;
				GCC_WARN_ABOUT_RETURN_TYPE = YES;
				GCC_WARN_UNINITIALIZED_AUTOS = YES;
				GCC_WARN_UNUSED_VARIABLE = YES;
				IPHONEOS_DEPLOYMENT_TARGET = 6.1;
				ONLY_ACTIVE_ARCH = YES;
				SDKROOT = iphoneos;
			};
			name = Debug;
		};
		C53C8D0D16D2B8BE0009009F /* Release */ = {
			isa = XCBuildConfiguration;
			buildSettings = {
				ALWAYS_SEARCH_USER_PATHS = NO;
				CLANG_CXX_LANGUAGE_STANDARD = "gnu++0x";
				CLANG_CXX_LIBRARY = "libc++";
				CLANG_ENABLE_OBJC_ARC = YES;
				CLANG_WARN_CONSTANT_CONVERSION = YES;
				CLANG_WARN_EMPTY_BODY = YES;
				CLANG_WARN_ENUM_CONVERSION = YES;
				CLANG_WARN_INT_CONVERSION = YES;
				CLANG_WARN__DUPLICATE_METHOD_MATCH = YES;
				"CODE_SIGN_IDENTITY[sdk=iphoneos*]" = "iPhone Developer";
				COPY_PHASE_STRIP = YES;
				GCC_C_LANGUAGE_STANDARD = gnu99;
				GCC_WARN_ABOUT_RETURN_TYPE = YES;
				GCC_WARN_UNINITIALIZED_AUTOS = YES;
				GCC_WARN_UNUSED_VARIABLE = YES;
				IPHONEOS_DEPLOYMENT_TARGET = 6.1;
				OTHER_CFLAGS = "-DNS_BLOCK_ASSERTIONS=1";
				SDKROOT = iphoneos;
				VALIDATE_PRODUCT = YES;
			};
			name = Release;
		};
		C53C8D0F16D2B8BE0009009F /* Debug */ = {
			isa = XCBuildConfiguration;
			buildSettings = {
				GCC_PRECOMPILE_PREFIX_HEADER = YES;
				GCC_PREFIX_HEADER = "Fresh_Start/Fresh_Start-Prefix.pch";
				INFOPLIST_FILE = "Fresh_Start/Fresh_Start-Info.plist";
				PRODUCT_NAME = "$(TARGET_NAME)";
				WRAPPER_EXTENSION = app;
			};
			name = Debug;
		};
		C53C8D1016D2B8BE0009009F /* Release */ = {
			isa = XCBuildConfiguration;
			buildSettings = {
				GCC_PRECOMPILE_PREFIX_HEADER = YES;
				GCC_PREFIX_HEADER = "Fresh_Start/Fresh_Start-Prefix.pch";
				INFOPLIST_FILE = "Fresh_Start/Fresh_Start-Info.plist";
				PRODUCT_NAME = "$(TARGET_NAME)";
				WRAPPER_EXTENSION = app;
			};
			name = Release;
		};
/* End XCBuildConfiguration section */

/* Begin XCConfigurationList section */
		C53C8CE616D2B8BE0009009F /* Build configuration list for PBXProject "Fresh_Start" */ = {
			isa = XCConfigurationList;
			buildConfigurations = (
				C53C8D0C16D2B8BE0009009F /* Debug */,
				C53C8D0D16D2B8BE0009009F /* Release */,
			);
			defaultConfigurationIsVisible = 0;
			defaultConfigurationName = Release;
		};
		C53C8D0E16D2B8BE0009009F /* Build configuration list for PBXNativeTarget "Fresh_Start" */ = {
			isa = XCConfigurationList;
			buildConfigurations = (
				C53C8D0F16D2B8BE0009009F /* Debug */,
				C53C8D1016D2B8BE0009009F /* Release */,
			);
			defaultConfigurationIsVisible = 0;
		};
/* End XCConfigurationList section */
	};
	rootObject = C53C8CE316D2B8BE0009009F /* Project object */;
}
